
Microsoft Visual Studio Solution File, Format Version 12.00
# Visual Studio Version 17
VisualStudioVersion = 17.1.32414.318
MinimumVisualStudioVersion = 10.0.40219.1
Project("{9A19103F-16F7-4668-BE54-9A1E7A4F7556}") = "FlashCardApp", "FlashCardApp\FlashCardApp.csproj", "{5E65A72B-927E-4AE6-B2CA-1A328BC509C1}"
EndProject
Project("{2150E333-8FDC-42A3-9474-1A3956D46DE8}") = "Solution Items", "Solution Items", "{B9359C17-CBEB-421A-BC74-8AFC11D47EB7}"
EndProject
Global
	GlobalSection(SolutionConfigurationPlatforms) = preSolution
		Debug|Any CPU = Debug|Any CPU
		Release|Any CPU = Release|Any CPU
	EndGlobalSection
	GlobalSection(ProjectConfigurationPlatforms) = postSolution
		{5E65A72B-927E-4AE6-B2CA-1A328BC509C1}.Debug|Any CPU.ActiveCfg = Debug|Any CPU
		{5E65A72B-927E-4AE6-B2CA-1A328BC509C1}.Debug|Any CPU.Build.0 = Debug|Any CPU
		{5E65A72B-927E-4AE6-B2CA-1A328BC509C1}.Release|Any CPU.ActiveCfg = Release|Any CPU
		{5E65A72B-927E-4AE6-B2CA-1A328BC509C1}.Release|Any CPU.Build.0 = Release|Any CPU
	EndGlobalSection
	GlobalSection(SolutionProperties) = preSolution
		HideSolutionNode = FALSE
	EndGlobalSection
	GlobalSection(ExtensibilityGlobals) = postSolution
		SolutionGuid = {685B497D-B918-45B8-9EE8-D411ECD44A1B}
	EndGlobalSection
EndGlobal
